
Microsoft Visual Studio Solution File, Format Version 12.00
# Visual Studio 15
VisualStudioVersion = 15.0.28010.2026
MinimumVisualStudioVersion = 10.0.40219.1
Project("{FAE04EC0-301F-11D3-BF4B-00C04F79EFBC}") = "PositiveOrNegative", "ProgrammingChallenge01\PositiveOrNegative.csproj", "{219D9C7E-BE62-4288-985B-EE30F57390EB}"
EndProject
Project("{FAE04EC0-301F-11D3-BF4B-00C04F79EFBC}") = "WhichIsGreater", "WhichIsGreater\WhichIsGreater.csproj", "{2EB3A688-D06A-40C8-9B76-DFECA976288B}"
EndProject
Project("{FAE04EC0-301F-11D3-BF4B-00C04F79EFBC}") = "EbbeSolution", "EbbeSolution\EbbeSolution.csproj", "{A11B5A2A-9966-4D67-BA9D-E8EEA6146C12}"
EndProject
Global
	GlobalSection(SolutionConfigurationPlatforms) = preSolution
		Debug|Any CPU = Debug|Any CPU
		Release|Any CPU = Release|Any CPU
	EndGlobalSection
	GlobalSection(ProjectConfigurationPlatforms) = postSolution
		{219D9C7E-BE62-4288-985B-EE30F57390EB}.Debug|Any CPU.ActiveCfg = Debug|Any CPU
		{219D9C7E-BE62-4288-985B-EE30F57390EB}.Debug|Any CPU.Build.0 = Debug|Any CPU
		{219D9C7E-BE62-4288-985B-EE30F57390EB}.Release|Any CPU.ActiveCfg = Release|Any CPU
		{219D9C7E-BE62-4288-985B-EE30F57390EB}.Release|Any CPU.Build.0 = Release|Any CPU
		{2EB3A688-D06A-40C8-9B76-DFECA976288B}.Debug|Any CPU.ActiveCfg = Debug|Any CPU
		{2EB3A688-D06A-40C8-9B76-DFECA976288B}.Debug|Any CPU.Build.0 = Debug|Any CPU
		{2EB3A688-D06A-40C8-9B76-DFECA976288B}.Release|Any CPU.ActiveCfg = Release|Any CPU
		{2EB3A688-D06A-40C8-9B76-DFECA976288B}.Release|Any CPU.Build.0 = Release|Any CPU
		{A11B5A2A-9966-4D67-BA9D-E8EEA6146C12}.Debug|Any CPU.ActiveCfg = Debug|Any CPU
		{A11B5A2A-9966-4D67-BA9D-E8EEA6146C12}.Debug|Any CPU.Build.0 = Debug|Any CPU
		{A11B5A2A-9966-4D67-BA9D-E8EEA6146C12}.Release|Any CPU.ActiveCfg = Release|Any CPU
		{A11B5A2A-9966-4D67-BA9D-E8EEA6146C12}.Release|Any CPU.Build.0 = Release|Any CPU
	EndGlobalSection
	GlobalSection(SolutionProperties) = preSolution
		HideSolutionNode = FALSE
	EndGlobalSection
	GlobalSection(ExtensibilityGlobals) = postSolution
		SolutionGuid = {4910F688-4CE9-45C3-9E11-B797C42167EB}
	EndGlobalSection
EndGlobal
